
Microsoft Visual Studio Solution File, Format Version 12.00
# Visual Studio 15
VisualStudioVersion = 15.0.28307.1062
MinimumVisualStudioVersion = 10.0.40219.1
Project("{9A19103F-16F7-4668-BE54-9A1E7A4F7556}") = "EmployeeManagment", "WebAppTest\EmployeeManagment.csproj", "{952D429D-CDE0-4049-946E-366270A2522F}"
EndProject
Global
	GlobalSection(SolutionConfigurationPlatforms) = preSolution
		Debug|Any CPU = Debug|Any CPU
		Release|Any CPU = Release|Any CPU
	EndGlobalSection
	GlobalSection(ProjectConfigurationPlatforms) = postSolution
		{952D429D-CDE0-4049-946E-366270A2522F}.Debug|Any CPU.ActiveCfg = Debug|Any CPU
		{952D429D-CDE0-4049-946E-366270A2522F}.Debug|Any CPU.Build.0 = Debug|Any CPU
		{952D429D-CDE0-4049-946E-366270A2522F}.Release|Any CPU.ActiveCfg = Release|Any CPU
		{952D429D-CDE0-4049-946E-366270A2522F}.Release|Any CPU.Build.0 = Release|Any CPU
	EndGlobalSection
	GlobalSection(SolutionProperties) = preSolution
		HideSolutionNode = FALSE
	EndGlobalSection
	GlobalSection(ExtensibilityGlobals) = postSolution
		SolutionGuid = {5E54201E-566B-4F89-902B-0543C4E2A2DE}
	EndGlobalSection
EndGlobal
